
Microsoft Visual Studio Solution File, Format Version 12.00
# Visual Studio Version 17
VisualStudioVersion = 17.0.32014.148
MinimumVisualStudioVersion = 10.0.40219.1
Project("{FAE04EC0-301F-11D3-BF4B-00C04F79EFBC}") = "MapleStory-SkillKeeper", "MapleStory-SkillKeeper\MapleStory-SkillKeeper.csproj", "{CE63F0C5-6B16-4A06-BF73-0FEFB5DE4CF3}"
EndProject
Global
	GlobalSection(SolutionConfigurationPlatforms) = preSolution
		Debug|Any CPU = Debug|Any CPU
		Release|Any CPU = Release|Any CPU
	EndGlobalSection
	GlobalSection(ProjectConfigurationPlatforms) = postSolution
		{CE63F0C5-6B16-4A06-BF73-0FEFB5DE4CF3}.Debug|Any CPU.ActiveCfg = Debug|Any CPU
		{CE63F0C5-6B16-4A06-BF73-0FEFB5DE4CF3}.Debug|Any CPU.Build.0 = Debug|Any CPU
		{CE63F0C5-6B16-4A06-BF73-0FEFB5DE4CF3}.Release|Any CPU.ActiveCfg = Release|Any CPU
		{CE63F0C5-6B16-4A06-BF73-0FEFB5DE4CF3}.Release|Any CPU.Build.0 = Release|Any CPU
	EndGlobalSection
	GlobalSection(SolutionProperties) = preSolution
		HideSolutionNode = FALSE
	EndGlobalSection
	GlobalSection(ExtensibilityGlobals) = postSolution
		SolutionGuid = {5306E1BF-EC08-49FC-B142-3000209EBA0F}
	EndGlobalSection
EndGlobal
